// !$*UTF8*$!
{
	archiveVersion = 1;
	classes = {
	};
	objectVersion = 46;
	objects = {

/* Begin PBXBuildFile section */
		7F92F8F21C1F54ED00C5F055 /* AppDelegate.swift in Sources */ = {isa = PBXBuildFile; fileRef = 7F92F8F11C1F54ED00C5F055 /* AppDelegate.swift */; };
		7F92F8F41C1F54ED00C5F055 /* ViewController.swift in Sources */ = {isa = PBXBuildFile; fileRef = 7F92F8F31C1F54ED00C5F055 /* ViewController.swift */; };
		7F92F8F71C1F54ED00C5F055 /* Main.storyboard in Resources */ = {isa = PBXBuildFile; fileRef = 7F92F8F51C1F54ED00C5F055 /* Main.storyboard */; };
		7F92F8F91C1F54ED00C5F055 /* Assets.xcassets in Resources */ = {isa = PBXBuildFile; fileRef = 7F92F8F81C1F54ED00C5F055 /* Assets.xcassets */; };
		7F92F8FC1C1F54ED00C5F055 /* LaunchScreen.storyboard in Resources */ = {isa = PBXBuildFile; fileRef = 7F92F8FA1C1F54ED00C5F055 /* LaunchScreen.storyboard */; };
		7F92F9011C1F54ED00C5F055 /* CSC390Final WatchKit App.app in Embed Watch Content */ = {isa = PBXBuildFile; fileRef = 7F92F9001C1F54ED00C5F055 /* CSC390Final WatchKit App.app */; };
		7F92F9071C1F54ED00C5F055 /* Interface.storyboard in Resources */ = {isa = PBXBuildFile; fileRef = 7F92F9051C1F54ED00C5F055 /* Interface.storyboard */; };
		7F92F9091C1F54ED00C5F055 /* Assets.xcassets in Resources */ = {isa = PBXBuildFile; fileRef = 7F92F9081C1F54ED00C5F055 /* Assets.xcassets */; };
		7F92F9101C1F54ED00C5F055 /* CSC390Final WatchKit Extension.appex in Embed App Extensions */ = {isa = PBXBuildFile; fileRef = 7F92F90F1C1F54ED00C5F055 /* CSC390Final WatchKit Extension.appex */; settings = {ATTRIBUTES = (RemoveHeadersOnCopy, ); }; };
		7F92F9171C1F54ED00C5F055 /* InterfaceController.swift in Sources */ = {isa = PBXBuildFile; fileRef = 7F92F9161C1F54ED00C5F055 /* InterfaceController.swift */; };
		7F92F9191C1F54ED00C5F055 /* ExtensionDelegate.swift in Sources */ = {isa = PBXBuildFile; fileRef = 7F92F9181C1F54ED00C5F055 /* ExtensionDelegate.swift */; };
		7F92F91B1C1F54ED00C5F055 /* NotificationController.swift in Sources */ = {isa = PBXBuildFile; fileRef = 7F92F91A1C1F54ED00C5F055 /* NotificationController.swift */; };
		7F92F91D1C1F54ED00C5F055 /* Assets.xcassets in Resources */ = {isa = PBXBuildFile; fileRef = 7F92F91C1C1F54ED00C5F055 /* Assets.xcassets */; };
/* End PBXBuildFile section */

/* Begin PBXContainerItemProxy section */
		7F92F9021C1F54ED00C5F055 /* PBXContainerItemProxy */ = {
			isa = PBXContainerItemProxy;
			containerPortal = 7F92F8E61C1F54ED00C5F055 /* Project object */;
			proxyType = 1;
			remoteGlobalIDString = 7F92F8FF1C1F54ED00C5F055;
			remoteInfo = "CSC390Final WatchKit App";
		};
		7F92F9111C1F54ED00C5F055 /* PBXContainerItemProxy */ = {
			isa = PBXContainerItemProxy;
			containerPortal = 7F92F8E61C1F54ED00C5F055 /* Project object */;
			proxyType = 1;
			remoteGlobalIDString = 7F92F90E1C1F54ED00C5F055;
			remoteInfo = "CSC390Final WatchKit Extension";
		};
/* End PBXContainerItemProxy section */

/* Begin PBXCopyFilesBuildPhase section */
		7F92F9241C1F54ED00C5F055 /* Embed App Extensions */ = {
			isa = PBXCopyFilesBuildPhase;
			buildActionMask = 2147483647;
			dstPath = "";
			dstSubfolderSpec = 13;
			files = (
				7F92F9101C1F54ED00C5F055 /* CSC390Final WatchKit Extension.appex in Embed App Extensions */,
			);
			name = "Embed App Extensions";
			runOnlyForDeploymentPostprocessing = 0;
		};
		7F92F9281C1F54ED00C5F055 /* Embed Watch Content */ = {
			isa = PBXCopyFilesBuildPhase;
			buildActionMask = 2147483647;
			dstPath = "$(CONTENTS_FOLDER_PATH)/Watch";
			dstSubfolderSpec = 16;
			files = (
				7F92F9011C1F54ED00C5F055 /* CSC390Final WatchKit App.app in Embed Watch Content */,
			);
			name = "Embed Watch Content";
			runOnlyForDeploymentPostprocessing = 0;
		};
/* End PBXCopyFilesBuildPhase section */

/* Begin PBXFileReference section */
		7F92F8EE1C1F54ED00C5F055 /* CSC390Final.app */ = {isa = PBXFileReference; explicitFileType = wrapper.application; includeInIndex = 0; path = CSC390Final.app; sourceTree = BUILT_PRODUCTS_DIR; };
		7F92F8F11C1F54ED00C5F055 /* AppDelegate.swift */ = {isa = PBXFileReference; lastKnownFileType = sourcecode.swift; path = AppDelegate.swift; sourceTree = "<group>"; };
		7F92F8F31C1F54ED00C5F055 /* ViewController.swift */ = {isa = PBXFileReference; lastKnownFileType = sourcecode.swift; path = ViewController.swift; sourceTree = "<group>"; };
		7F92F8F61C1F54ED00C5F055 /* Base */ = {isa = PBXFileReference; lastKnownFileType = file.storyboard; name = Base; path = Base.lproj/Main.storyboard; sourceTree = "<group>"; };
		7F92F8F81C1F54ED00C5F055 /* Assets.xcassets */ = {isa = PBXFileReference; lastKnownFileType = folder.assetcatalog; path = Assets.xcassets; sourceTree = "<group>"; };
		7F92F8FB1C1F54ED00C5F055 /* Base */ = {isa = PBXFileReference; lastKnownFileType = file.storyboard; name = Base; path = Base.lproj/LaunchScreen.storyboard; sourceTree = "<group>"; };
		7F92F8FD1C1F54ED00C5F055 /* Info.plist */ = {isa = PBXFileReference; lastKnownFileType = text.plist.xml; path = Info.plist; sourceTree = "<group>"; };
		7F92F9001C1F54ED00C5F055 /* CSC390Final WatchKit App.app */ = {isa = PBXFileReference; explicitFileType = wrapper.application; includeInIndex = 0; path = "CSC390Final WatchKit App.app"; sourceTree = BUILT_PRODUCTS_DIR; };
		7F92F9061C1F54ED00C5F055 /* Base */ = {isa = PBXFileReference; lastKnownFileType = file.storyboard; name = Base; path = Base.lproj/Interface.storyboard; sourceTree = "<group>"; };
		7F92F9081C1F54ED00C5F055 /* Assets.xcassets */ = {isa = PBXFileReference; lastKnownFileType = folder.assetcatalog; path = Assets.xcassets; sourceTree = "<group>"; };
		7F92F90A1C1F54ED00C5F055 /* Info.plist */ = {isa = PBXFileReference; lastKnownFileType = text.plist.xml; path = Info.plist; sourceTree = "<group>"; };
		7F92F90F1C1F54ED00C5F055 /* CSC390Final WatchKit Extension.appex */ = {isa = PBXFileReference; explicitFileType = "wrapper.app-extension"; includeInIndex = 0; path = "CSC390Final WatchKit Extension.appex"; sourceTree = BUILT_PRODUCTS_DIR; };
		7F92F9151C1F54ED00C5F055 /* PushNotificationPayload.apns */ = {isa = PBXFileReference; lastKnownFileType = text; path = PushNotificationPayload.apns; sourceTree = "<group>"; };
		7F92F9161C1F54ED00C5F055 /* InterfaceController.swift */ = {isa = PBXFileReference; lastKnownFileType = sourcecode.swift; path = InterfaceController.swift; sourceTree = "<group>"; };
		7F92F9181C1F54ED00C5F055 /* ExtensionDelegate.swift */ = {isa = PBXFileReference; lastKnownFileType = sourcecode.swift; path = ExtensionDelegate.swift; sourceTree = "<group>"; };
		7F92F91A1C1F54ED00C5F055 /* NotificationController.swift */ = {isa = PBXFileReference; lastKnownFileType = sourcecode.swift; path = NotificationController.swift; sourceTree = "<group>"; };
		7F92F91C1C1F54ED00C5F055 /* Assets.xcassets */ = {isa = PBXFileReference; lastKnownFileType = folder.assetcatalog; path = Assets.xcassets; sourceTree = "<group>"; };
		7F92F91E1C1F54ED00C5F055 /* Info.plist */ = {isa = PBXFileReference; lastKnownFileType = text.plist.xml; path = Info.plist; sourceTree = "<group>"; };
/* End PBXFileReference section */

/* Begin PBXFrameworksBuildPhase section */
		7F92F8EB1C1F54ED00C5F055 /* Frameworks */ = {
			isa = PBXFrameworksBuildPhase;
			buildActionMask = 2147483647;
			files = (
			);
			runOnlyForDeploymentPostprocessing = 0;
		};
		7F92F90C1C1F54ED00C5F055 /* Frameworks */ = {
			isa = PBXFrameworksBuildPhase;
			buildActionMask = 2147483647;
			files = (
			);
			runOnlyForDeploymentPostprocessing = 0;
		};
/* End PBXFrameworksBuildPhase section */

/* Begin PBXGroup section */
		7F92F8E51C1F54ED00C5F055 = {
			isa = PBXGroup;
			children = (
				7F92F8F01C1F54ED00C5F055 /* CSC390Final */,
				7F92F9041C1F54ED00C5F055 /* CSC390Final WatchKit App */,
				7F92F9131C1F54ED00C5F055 /* CSC390Final WatchKit Extension */,
				7F92F8EF1C1F54ED00C5F055 /* Products */,
			);
			sourceTree = "<group>";
		};
		7F92F8EF1C1F54ED00C5F055 /* Products */ = {
			isa = PBXGroup;
			children = (
				7F92F8EE1C1F54ED00C5F055 /* CSC390Final.app */,
				7F92F9001C1F54ED00C5F055 /* CSC390Final WatchKit App.app */,
				7F92F90F1C1F54ED00C5F055 /* CSC390Final WatchKit Extension.appex */,
			);
			name = Products;
			sourceTree = "<group>";
		};
		7F92F8F01C1F54ED00C5F055 /* CSC390Final */ = {
			isa = PBXGroup;
			children = (
				7F92F8F11C1F54ED00C5F055 /* AppDelegate.swift */,
				7F92F8F31C1F54ED00C5F055 /* ViewController.swift */,
				7F92F8F51C1F54ED00C5F055 /* Main.storyboard */,
				7F92F8F81C1F54ED00C5F055 /* Assets.xcassets */,
				7F92F8FA1C1F54ED00C5F055 /* LaunchScreen.storyboard */,
				7F92F8FD1C1F54ED00C5F055 /* Info.plist */,
			);
			path = CSC390Final;
			sourceTree = "<group>";
		};
		7F92F9041C1F54ED00C5F055 /* CSC390Final WatchKit App */ = {
			isa = PBXGroup;
			children = (
				7F92F9051C1F54ED00C5F055 /* Interface.storyboard */,
				7F92F9081C1F54ED00C5F055 /* Assets.xcassets */,
				7F92F90A1C1F54ED00C5F055 /* Info.plist */,
			);
			path = "CSC390Final WatchKit App";
			sourceTree = "<group>";
		};
		7F92F9131C1F54ED00C5F055 /* CSC390Final WatchKit Extension */ = {
			isa = PBXGroup;
			children = (
				7F92F9161C1F54ED00C5F055 /* InterfaceController.swift */,
				7F92F9181C1F54ED00C5F055 /* ExtensionDelegate.swift */,
				7F92F91A1C1F54ED00C5F055 /* NotificationController.swift */,
				7F92F91C1C1F54ED00C5F055 /* Assets.xcassets */,
				7F92F91E1C1F54ED00C5F055 /* Info.plist */,
				7F92F9141C1F54ED00C5F055 /* Supporting Files */,
			);
			path = "CSC390Final WatchKit Extension";
			sourceTree = "<group>";
		};
		7F92F9141C1F54ED00C5F055 /* Supporting Files */ = {
			isa = PBXGroup;
			children = (
				7F92F9151C1F54ED00C5F055 /* PushNotificationPayload.apns */,
			);
			name = "Supporting Files";
			sourceTree = "<group>";
		};
/* End PBXGroup section */

/* Begin PBXNativeTarget section */
		7F92F8ED1C1F54ED00C5F055 /* CSC390Final */ = {
			isa = PBXNativeTarget;
			buildConfigurationList = 7F92F9291C1F54ED00C5F055 /* Build configuration list for PBXNativeTarget "CSC390Final" */;
			buildPhases = (
				7F92F8EA1C1F54ED00C5F055 /* Sources */,
				7F92F8EB1C1F54ED00C5F055 /* Frameworks */,
				7F92F8EC1C1F54ED00C5F055 /* Resources */,
				7F92F9281C1F54ED00C5F055 /* Embed Watch Content */,
			);
			buildRules = (
			);
			dependencies = (
				7F92F9031C1F54ED00C5F055 /* PBXTargetDependency */,
			);
			name = CSC390Final;
			productName = CSC390Final;
			productReference = 7F92F8EE1C1F54ED00C5F055 /* CSC390Final.app */;
			productType = "com.apple.product-type.application";
		};
		7F92F8FF1C1F54ED00C5F055 /* CSC390Final WatchKit App */ = {
			isa = PBXNativeTarget;
			buildConfigurationList = 7F92F9251C1F54ED00C5F055 /* Build configuration list for PBXNativeTarget "CSC390Final WatchKit App" */;
			buildPhases = (
				7F92F8FE1C1F54ED00C5F055 /* Resources */,
				7F92F9241C1F54ED00C5F055 /* Embed App Extensions */,
			);
			buildRules = (
			);
			dependencies = (
				7F92F9121C1F54ED00C5F055 /* PBXTargetDependency */,
			);
			name = "CSC390Final WatchKit App";
			productName = "CSC390Final WatchKit App";
			productReference = 7F92F9001C1F54ED00C5F055 /* CSC390Final WatchKit App.app */;
			productType = "com.apple.product-type.application.watchapp2";
		};
		7F92F90E1C1F54ED00C5F055 /* CSC390Final WatchKit Extension */ = {
			isa = PBXNativeTarget;
			buildConfigurationList = 7F92F9211C1F54ED00C5F055 /* Build configuration list for PBXNativeTarget "CSC390Final WatchKit Extension" */;
			buildPhases = (
				7F92F90B1C1F54ED00C5F055 /* Sources */,
				7F92F90C1C1F54ED00C5F055 /* Frameworks */,
				7F92F90D1C1F54ED00C5F055 /* Resources */,
			);
			buildRules = (
			);
			dependencies = (
			);
			name = "CSC390Final WatchKit Extension";
			productName = "CSC390Final WatchKit Extension";
			productReference = 7F92F90F1C1F54ED00C5F055 /* CSC390Final WatchKit Extension.appex */;
			productType = "com.apple.product-type.watchkit2-extension";
		};
/* End PBXNativeTarget section */

/* Begin PBXProject section */
		7F92F8E61C1F54ED00C5F055 /* Project object */ = {
			isa = PBXProject;
			attributes = {
				LastSwiftUpdateCheck = 0710;
				LastUpgradeCheck = 0710;
				ORGANIZATIONNAME = "Abraham Rohde";
				TargetAttributes = {
					7F92F8ED1C1F54ED00C5F055 = {
						CreatedOnToolsVersion = 7.1;
						DevelopmentTeam = 82RMH2K2QD;
					};
					7F92F8FF1C1F54ED00C5F055 = {
						CreatedOnToolsVersion = 7.1;
						DevelopmentTeam = 82RMH2K2QD;
					};
					7F92F90E1C1F54ED00C5F055 = {
						CreatedOnToolsVersion = 7.1;
						DevelopmentTeam = 82RMH2K2QD;
					};
				};
			};
			buildConfigurationList = 7F92F8E91C1F54ED00C5F055 /* Build configuration list for PBXProject "CSC390Final" */;
			compatibilityVersion = "Xcode 3.2";
			developmentRegion = English;
			hasScannedForEncodings = 0;
			knownRegions = (
				en,
				Base,
			);
			mainGroup = 7F92F8E51C1F54ED00C5F055;
			productRefGroup = 7F92F8EF1C1F54ED00C5F055 /* Products */;
			projectDirPath = "";
			projectRoot = "";
			targets = (
				7F92F8ED1C1F54ED00C5F055 /* CSC390Final */,
				7F92F8FF1C1F54ED00C5F055 /* CSC390Final WatchKit App */,
				7F92F90E1C1F54ED00C5F055 /* CSC390Final WatchKit Extension */,
			);
		};
/* End PBXProject section */

/* Begin PBXResourcesBuildPhase section */
		7F92F8EC1C1F54ED00C5F055 /* Resources */ = {
			isa = PBXResourcesBuildPhase;
			buildActionMask = 2147483647;
			files = (
				7F92F8FC1C1F54ED00C5F055 /* LaunchScreen.storyboard in Resources */,
				7F92F8F91C1F54ED00C5F055 /* Assets.xcassets in Resources */,
				7F92F8F71C1F54ED00C5F055 /* Main.storyboard in Resources */,
			);
			runOnlyForDeploymentPostprocessing = 0;
		};
		7F92F8FE1C1F54ED00C5F055 /* Resources */ = {
			isa = PBXResourcesBuildPhase;
			buildActionMask = 2147483647;
			files = (
				7F92F9091C1F54ED00C5F055 /* Assets.xcassets in Resources */,
				7F92F9071C1F54ED00C5F055 /* Interface.storyboard in Resources */,
			);
			runOnlyForDeploymentPostprocessing = 0;
		};
		7F92F90D1C1F54ED00C5F055 /* Resources */ = {
			isa = PBXResourcesBuildPhase;
			buildActionMask = 2147483647;
			files = (
				7F92F91D1C1F54ED00C5F055 /* Assets.xcassets in Resources */,
			);
			runOnlyForDeploymentPostprocessing = 0;
		};
/* End PBXResourcesBuildPhase section */

/* Begin PBXSourcesBuildPhase section */
		7F92F8EA1C1F54ED00C5F055 /* Sources */ = {
			isa = PBXSourcesBuildPhase;
			buildActionMask = 2147483647;
			files = (
				7F92F8F41C1F54ED00C5F055 /* ViewController.swift in Sources */,
				7F92F8F21C1F54ED00C5F055 /* AppDelegate.swift in Sources */,
			);
			runOnlyForDeploymentPostprocessing = 0;
		};
		7F92F90B1C1F54ED00C5F055 /* Sources */ = {
			isa = PBXSourcesBuildPhase;
			buildActionMask = 2147483647;
			files = (
				7F92F91B1C1F54ED00C5F055 /* NotificationController.swift in Sources */,
				7F92F9191C1F54ED00C5F055 /* ExtensionDelegate.swift in Sources */,
				7F92F9171C1F54ED00C5F055 /* InterfaceController.swift in Sources */,
			);
			runOnlyForDeploymentPostprocessing = 0;
		};
/* End PBXSourcesBuildPhase section */

/* Begin PBXTargetDependency section */
		7F92F9031C1F54ED00C5F055 /* PBXTargetDependency */ = {
			isa = PBXTargetDependency;
			target = 7F92F8FF1C1F54ED00C5F055 /* CSC390Final WatchKit App */;
			targetProxy = 7F92F9021C1F54ED00C5F055 /* PBXContainerItemProxy */;
		};
		7F92F9121C1F54ED00C5F055 /* PBXTargetDependency */ = {
			isa = PBXTargetDependency;
			target = 7F92F90E1C1F54ED00C5F055 /* CSC390Final WatchKit Extension */;
			targetProxy = 7F92F9111C1F54ED00C5F055 /* PBXContainerItemProxy */;
		};
/* End PBXTargetDependency section */

/* Begin PBXVariantGroup section */
		7F92F8F51C1F54ED00C5F055 /* Main.storyboard */ = {
			isa = PBXVariantGroup;
			children = (
				7F92F8F61C1F54ED00C5F055 /* Base */,
			);
			name = Main.storyboard;
			sourceTree = "<group>";
		};
		7F92F8FA1C1F54ED00C5F055 /* LaunchScreen.storyboard */ = {
			isa = PBXVariantGroup;
			children = (
				7F92F8FB1C1F54ED00C5F055 /* Base */,
			);
			name = LaunchScreen.storyboard;
			sourceTree = "<group>";
		};
		7F92F9051C1F54ED00C5F055 /* Interface.storyboard */ = {
			isa = PBXVariantGroup;
			children = (
				7F92F9061C1F54ED00C5F055 /* Base */,
			);
			name = Interface.storyboard;
			sourceTree = "<group>";
		};
/* End PBXVariantGroup section */

/* Begin XCBuildConfiguration section */
		7F92F91F1C1F54ED00C5F055 /* Debug */ = {
			isa = XCBuildConfiguration;
			buildSettings = {
				ALWAYS_SEARCH_USER_PATHS = NO;
				CLANG_CXX_LANGUAGE_STANDARD = "gnu++0x";
				CLANG_CXX_LIBRARY = "libc++";
				CLANG_ENABLE_MODULES = YES;
				CLANG_ENABLE_OBJC_ARC = YES;
				CLANG_WARN_BOOL_CONVERSION = YES;
				CLANG_WARN_CONSTANT_CONVERSION = YES;
				CLANG_WARN_DIRECT_OBJC_ISA_USAGE = YES_ERROR;
				CLANG_WARN_EMPTY_BODY = YES;
				CLANG_WARN_ENUM_CONVERSION = YES;
				CLANG_WARN_INT_CONVERSION = YES;
				CLANG_WARN_OBJC_ROOT_CLASS = YES_ERROR;
				CLANG_WARN_UNREACHABLE_CODE = YES;
				CLANG_WARN__DUPLICATE_METHOD_MATCH = YES;
				"CODE_SIGN_IDENTITY[sdk=iphoneos*]" = "iPhone Developer";
				COPY_PHASE_STRIP = NO;
				DEBUG_INFORMATION_FORMAT = dwarf;
				ENABLE_STRICT_OBJC_MSGSEND = YES;
				ENABLE_TESTABILITY = YES;
				GCC_C_LANGUAGE_STANDARD = gnu99;
				GCC_DYNAMIC_NO_PIC = NO;
				GCC_NO_COMMON_BLOCKS = YES;
				GCC_OPTIMIZATION_LEVEL = 0;
				GCC_PREPROCESSOR_DEFINITIONS = (
					"DEBUG=1",
					"$(inherited)",
				);
				GCC_WARN_64_TO_32_BIT_CONVERSION = YES;
				GCC_WARN_ABOUT_RETURN_TYPE = YES_ERROR;
				GCC_WARN_UNDECLARED_SELECTOR = YES;
				GCC_WARN_UNINITIALIZED_AUTOS = YES_AGGRESSIVE;
				GCC_WARN_UNUSED_FUNCTION = YES;
				GCC_WARN_UNUSED_VARIABLE = YES;
				IPHONEOS_DEPLOYMENT_TARGET = 9.1;
				MTL_ENABLE_DEBUG_INFO = YES;
				ONLY_ACTIVE_ARCH = YES;
				SDKROOT = iphoneos;
				SWIFT_OPTIMIZATION_LEVEL = "-Onone";
			};
			name = Debug;
		};
		7F92F9201C1F54ED00C5F055 /* Release */ = {
			isa = XCBuildConfiguration;
			buildSettings = {
				ALWAYS_SEARCH_USER_PATHS = NO;
				CLANG_CXX_LANGUAGE_STANDARD = "gnu++0x";
				CLANG_CXX_LIBRARY = "libc++";
				CLANG_ENABLE_MODULES = YES;
				CLANG_ENABLE_OBJC_ARC = YES;
				CLANG_WARN_BOOL_CONVERSION = YES;
				CLANG_WARN_CONSTANT_CONVERSION = YES;
				CLANG_WARN_DIRECT_OBJC_ISA_USAGE = YES_ERROR;
				CLANG_WARN_EMPTY_BODY = YES;
				CLANG_WARN_ENUM_CONVERSION = YES;
				CLANG_WARN_INT_CONVERSION = YES;
				CLANG_WARN_OBJC_ROOT_CLASS = YES_ERROR;
				CLANG_WARN_UNREACHABLE_CODE = YES;
				CLANG_WARN__DUPLICATE_METHOD_MATCH = YES;
				"CODE_SIGN_IDENTITY[sdk=iphoneos*]" = "iPhone Developer";
				COPY_PHASE_STRIP = NO;
				DEBUG_INFORMATION_FORMAT = "dwarf-with-dsym";
				ENABLE_NS_ASSERTIONS = NO;
				ENABLE_STRICT_OBJC_MSGSEND = YES;
				GCC_C_LANGUAGE_STANDARD = gnu99;
				GCC_NO_COMMON_BLOCKS = YES;
				GCC_WARN_64_TO_32_BIT_CONVERSION = YES;
				GCC_WARN_ABOUT_RETURN_TYPE = YES_ERROR;
				GCC_WARN_UNDECLARED_SELECTOR = YES;
				GCC_WARN_UNINITIALIZED_AUTOS = YES_AGGRESSIVE;
				GCC_WARN_UNUSED_FUNCTION = YES;
				GCC_WARN_UNUSED_VARIABLE = YES;
				IPHONEOS_DEPLOYMENT_TARGET = 9.1;
				MTL_ENABLE_DEBUG_INFO = NO;
				SDKROOT = iphoneos;
				VALIDATE_PRODUCT = YES;
			};
			name = Release;
		};
		7F92F9221C1F54ED00C5F055 /* Debug */ = {
			isa = XCBuildConfiguration;
			buildSettings = {
				INFOPLIST_FILE = "CSC390Final WatchKit Extension/Info.plist";
				LD_RUNPATH_SEARCH_PATHS = "$(inherited) @executable_path/Frameworks @executable_path/../../Frameworks";
				PRODUCT_BUNDLE_IDENTIFIER = rohde.CSC390Final.watchkitapp.watchkitextension;
				PRODUCT_NAME = "${TARGET_NAME}";
				SDKROOT = watchos;
				SKIP_INSTALL = YES;
				TARGETED_DEVICE_FAMILY = 4;
				WATCHOS_DEPLOYMENT_TARGET = 2.0;
			};
			name = Debug;
		};
		7F92F9231C1F54ED00C5F055 /* Release */ = {
			isa = XCBuildConfiguration;
			buildSettings = {
				INFOPLIST_FILE = "CSC390Final WatchKit Extension/Info.plist";
				LD_RUNPATH_SEARCH_PATHS = "$(inherited) @executable_path/Frameworks @executable_path/../../Frameworks";
				PRODUCT_BUNDLE_IDENTIFIER = rohde.CSC390Final.watchkitapp.watchkitextension;
				PRODUCT_NAME = "${TARGET_NAME}";
				SDKROOT = watchos;
				SKIP_INSTALL = YES;
				TARGETED_DEVICE_FAMILY = 4;
				WATCHOS_DEPLOYMENT_TARGET = 2.0;
			};
			name = Release;
		};
		7F92F9261C1F54ED00C5F055 /* Debug */ = {
			isa = XCBuildConfiguration;
			buildSettings = {
				ASSETCATALOG_COMPILER_APPICON_NAME = AppIcon;
				EMBEDDED_CONTENT_CONTAINS_SWIFT = YES;
				IBSC_MODULE = CSC390Final_WatchKit_Extension;
				INFOPLIST_FILE = "CSC390Final WatchKit App/Info.plist";
				PRODUCT_BUNDLE_IDENTIFIER = rohde.CSC390Final.watchkitapp;
				PRODUCT_NAME = "$(TARGET_NAME)";
				SDKROOT = watchos;
				SKIP_INSTALL = YES;
				TARGETED_DEVICE_FAMILY = 4;
				WATCHOS_DEPLOYMENT_TARGET = 2.0;
			};
			name = Debug;
		};
		7F92F9271C1F54ED00C5F055 /* Release */ = {
			isa = XCBuildConfiguration;
			buildSettings = {
				ASSETCATALOG_COMPILER_APPICON_NAME = AppIcon;
				EMBEDDED_CONTENT_CONTAINS_SWIFT = YES;
				IBSC_MODULE = CSC390Final_WatchKit_Extension;
				INFOPLIST_FILE = "CSC390Final WatchKit App/Info.plist";
				PRODUCT_BUNDLE_IDENTIFIER = rohde.CSC390Final.watchkitapp;
				PRODUCT_NAME = "$(TARGET_NAME)";
				SDKROOT = watchos;
				SKIP_INSTALL = YES;
				TARGETED_DEVICE_FAMILY = 4;
				WATCHOS_DEPLOYMENT_TARGET = 2.0;
			};
			name = Release;
		};
		7F92F92A1C1F54ED00C5F055 /* Debug */ = {
			isa = XCBuildConfiguration;
			buildSettings = {
				ASSETCATALOG_COMPILER_APPICON_NAME = AppIcon;
				INFOPLIST_FILE = CSC390Final/Info.plist;
				LD_RUNPATH_SEARCH_PATHS = "$(inherited) @executable_path/Frameworks";
				PRODUCT_BUNDLE_IDENTIFIER = rohde.CSC390Final;
				PRODUCT_NAME = "$(TARGET_NAME)";
			};
			name = Debug;
		};
		7F92F92B1C1F54ED00C5F055 /* Release */ = {
			isa = XCBuildConfiguration;
			buildSettings = {
				ASSETCATALOG_COMPILER_APPICON_NAME = AppIcon;
				INFOPLIST_FILE = CSC390Final/Info.plist;
				LD_RUNPATH_SEARCH_PATHS = "$(inherited) @executable_path/Frameworks";
				PRODUCT_BUNDLE_IDENTIFIER = rohde.CSC390Final;
				PRODUCT_NAME = "$(TARGET_NAME)";
			};
			name = Release;
		};
/* End XCBuildConfiguration section */

/* Begin XCConfigurationList section */
		7F92F8E91C1F54ED00C5F055 /* Build configuration list for PBXProject "CSC390Final" */ = {
			isa = XCConfigurationList;
			buildConfigurations = (
				7F92F91F1C1F54ED00C5F055 /* Debug */,
				7F92F9201C1F54ED00C5F055 /* Release */,
			);
			defaultConfigurationIsVisible = 0;
			defaultConfigurationName = Release;
		};
		7F92F9211C1F54ED00C5F055 /* Build configuration list for PBXNativeTarget "CSC390Final WatchKit Extension" */ = {
			isa = XCConfigurationList;
			buildConfigurations = (
				7F92F9221C1F54ED00C5F055 /* Debug */,
				7F92F9231C1F54ED00C5F055 /* Release */,
			);
			defaultConfigurationIsVisible = 0;
		};
		7F92F9251C1F54ED00C5F055 /* Build configuration list for PBXNativeTarget "CSC390Final WatchKit App" */ = {
			isa = XCConfigurationList;
			buildConfigurations = (
				7F92F9261C1F54ED00C5F055 /* Debug */,
				7F92F9271C1F54ED00C5F055 /* Release */,
			);
			defaultConfigurationIsVisible = 0;
		};
		7F92F9291C1F54ED00C5F055 /* Build configuration list for PBXNativeTarget "CSC390Final" */ = {
			isa = XCConfigurationList;
			buildConfigurations = (
				7F92F92A1C1F54ED00C5F055 /* Debug */,
				7F92F92B1C1F54ED00C5F055 /* Release */,
			);
			defaultConfigurationIsVisible = 0;
		};
/* End XCConfigurationList section */
	};
	rootObject = 7F92F8E61C1F54ED00C5F055 /* Project object */;
}
